// !$*UTF8*$!
{
	archiveVersion = 1;
	classes = {
	};
	objectVersion = 46;
	objects = {

/* Begin PBXBuildFile section */
		0B0D41B019464EDD002CF453 /* WTTDetailViewController.swift in Sources */ = {isa = PBXBuildFile; fileRef = 0B0D41AF19464EDD002CF453 /* WTTDetailViewController.swift */; };
		0BDC22401940B4CD004E8F9A /* AppDelegate.swift in Sources */ = {isa = PBXBuildFile; fileRef = 0BDC223F1940B4CD004E8F9A /* AppDelegate.swift */; };
		0BDC22421940B4CD004E8F9A /* ViewController.swift in Sources */ = {isa = PBXBuildFile; fileRef = 0BDC22411940B4CD004E8F9A /* ViewController.swift */; };
		0BDC22451940B4CD004E8F9A /* Main.storyboard in Resources */ = {isa = PBXBuildFile; fileRef = 0BDC22431940B4CD004E8F9A /* Main.storyboard */; };
		0BDC22471940B4CD004E8F9A /* Images.xcassets in Resources */ = {isa = PBXBuildFile; fileRef = 0BDC22461940B4CD004E8F9A /* Images.xcassets */; };
		0BDC22531940B4CD004E8F9A /* WhereToTalkTests.swift in Sources */ = {isa = PBXBuildFile; fileRef = 0BDC22521940B4CD004E8F9A /* WhereToTalkTests.swift */; };
		0BDC225D1940DAF6004E8F9A /* MapKit.framework in Frameworks */ = {isa = PBXBuildFile; fileRef = 0BDC225C1940DAF6004E8F9A /* MapKit.framework */; };
		0BDC225F1940DD44004E8F9A /* CoreLocation.framework in Frameworks */ = {isa = PBXBuildFile; fileRef = 0BDC225E1940DD44004E8F9A /* CoreLocation.framework */; };
		3D1D7BF52FAD44C982DD5411 /* libPods.a in Frameworks */ = {isa = PBXBuildFile; fileRef = 6167B18DB1924DB690449B32 /* libPods.a */; };
/* End PBXBuildFile section */

/* Begin PBXContainerItemProxy section */
		0BDC224D1940B4CD004E8F9A /* PBXContainerItemProxy */ = {
			isa = PBXContainerItemProxy;
			containerPortal = 0BDC22321940B4CC004E8F9A /* Project object */;
			proxyType = 1;
			remoteGlobalIDString = 0BDC22391940B4CC004E8F9A;
			remoteInfo = WhereToTalk;
		};
/* End PBXContainerItemProxy section */

/* Begin PBXFileReference section */
		0B0D41AF19464EDD002CF453 /* WTTDetailViewController.swift */ = {isa = PBXFileReference; fileEncoding = 4; lastKnownFileType = sourcecode.swift; path = WTTDetailViewController.swift; sourceTree = "<group>"; };
		0B2A7B05194F799A00BB952D /* WhereToTalk-Bridging-Header.h */ = {isa = PBXFileReference; lastKnownFileType = sourcecode.c.h; path = "WhereToTalk-Bridging-Header.h"; sourceTree = "<group>"; };
		0BDC223A1940B4CD004E8F9A /* WhereToTalk.app */ = {isa = PBXFileReference; explicitFileType = wrapper.application; includeInIndex = 0; path = WhereToTalk.app; sourceTree = BUILT_PRODUCTS_DIR; };
		0BDC223E1940B4CD004E8F9A /* Info.plist */ = {isa = PBXFileReference; lastKnownFileType = text.plist.xml; path = Info.plist; sourceTree = "<group>"; };
		0BDC223F1940B4CD004E8F9A /* AppDelegate.swift */ = {isa = PBXFileReference; lastKnownFileType = sourcecode.swift; path = AppDelegate.swift; sourceTree = "<group>"; };
		0BDC22411940B4CD004E8F9A /* ViewController.swift */ = {isa = PBXFileReference; lastKnownFileType = sourcecode.swift; path = ViewController.swift; sourceTree = "<group>"; };
		0BDC22441940B4CD004E8F9A /* Base */ = {isa = PBXFileReference; lastKnownFileType = file.storyboard; name = Base; path = Base.lproj/Main.storyboard; sourceTree = "<group>"; };
		0BDC22461940B4CD004E8F9A /* Images.xcassets */ = {isa = PBXFileReference; lastKnownFileType = folder.assetcatalog; path = Images.xcassets; sourceTree = "<group>"; };
		0BDC224C1940B4CD004E8F9A /* WhereToTalkTests.xctest */ = {isa = PBXFileReference; explicitFileType = wrapper.cfbundle; includeInIndex = 0; path = WhereToTalkTests.xctest; sourceTree = BUILT_PRODUCTS_DIR; };
		0BDC22511940B4CD004E8F9A /* Info.plist */ = {isa = PBXFileReference; lastKnownFileType = text.plist.xml; path = Info.plist; sourceTree = "<group>"; };
		0BDC22521940B4CD004E8F9A /* WhereToTalkTests.swift */ = {isa = PBXFileReference; lastKnownFileType = sourcecode.swift; path = WhereToTalkTests.swift; sourceTree = "<group>"; };
		0BDC225C1940DAF6004E8F9A /* MapKit.framework */ = {isa = PBXFileReference; lastKnownFileType = wrapper.framework; name = MapKit.framework; path = System/Library/Frameworks/MapKit.framework; sourceTree = SDKROOT; };
		0BDC225E1940DD44004E8F9A /* CoreLocation.framework */ = {isa = PBXFileReference; lastKnownFileType = wrapper.framework; name = CoreLocation.framework; path = System/Library/Frameworks/CoreLocation.framework; sourceTree = SDKROOT; };
		6167B18DB1924DB690449B32 /* libPods.a */ = {isa = PBXFileReference; explicitFileType = archive.ar; includeInIndex = 0; path = libPods.a; sourceTree = BUILT_PRODUCTS_DIR; };
		7A7E26B52A6948D28C8EBA84 /* Pods.xcconfig */ = {isa = PBXFileReference; includeInIndex = 1; lastKnownFileType = text.xcconfig; name = Pods.xcconfig; path = Pods/Pods.xcconfig; sourceTree = "<group>"; };
/* End PBXFileReference section */

/* Begin PBXFrameworksBuildPhase section */
		0BDC22371940B4CC004E8F9A /* Frameworks */ = {
			isa = PBXFrameworksBuildPhase;
			buildActionMask = 2147483647;
			files = (
				0BDC225F1940DD44004E8F9A /* CoreLocation.framework in Frameworks */,
				0BDC225D1940DAF6004E8F9A /* MapKit.framework in Frameworks */,
				3D1D7BF52FAD44C982DD5411 /* libPods.a in Frameworks */,
			);
			runOnlyForDeploymentPostprocessing = 0;
		};
		0BDC22491940B4CD004E8F9A /* Frameworks */ = {
			isa = PBXFrameworksBuildPhase;
			buildActionMask = 2147483647;
			files = (
			);
			runOnlyForDeploymentPostprocessing = 0;
		};
/* End PBXFrameworksBuildPhase section */

/* Begin PBXGroup section */
		0BDC22311940B4CC004E8F9A = {
			isa = PBXGroup;
			children = (
				0BDC225E1940DD44004E8F9A /* CoreLocation.framework */,
				0BDC225C1940DAF6004E8F9A /* MapKit.framework */,
				0BDC223C1940B4CD004E8F9A /* WhereToTalk */,
				0BDC224F1940B4CD004E8F9A /* WhereToTalkTests */,
				0BDC223B1940B4CD004E8F9A /* Products */,
				7A7E26B52A6948D28C8EBA84 /* Pods.xcconfig */,
				40CB24FE524F4DB691D3E804 /* Frameworks */,
			);
			sourceTree = "<group>";
		};
		0BDC223B1940B4CD004E8F9A /* Products */ = {
			isa = PBXGroup;
			children = (
				0BDC223A1940B4CD004E8F9A /* WhereToTalk.app */,
				0BDC224C1940B4CD004E8F9A /* WhereToTalkTests.xctest */,
			);
			name = Products;
			sourceTree = "<group>";
		};
		0BDC223C1940B4CD004E8F9A /* WhereToTalk */ = {
			isa = PBXGroup;
			children = (
				0BDC223F1940B4CD004E8F9A /* AppDelegate.swift */,
				0BDC22411940B4CD004E8F9A /* ViewController.swift */,
				0B0D41AF19464EDD002CF453 /* WTTDetailViewController.swift */,
				0BDC22431940B4CD004E8F9A /* Main.storyboard */,
				0BDC22461940B4CD004E8F9A /* Images.xcassets */,
				0BDC223D1940B4CD004E8F9A /* Supporting Files */,
			);
			path = WhereToTalk;
			sourceTree = "<group>";
		};
		0BDC223D1940B4CD004E8F9A /* Supporting Files */ = {
			isa = PBXGroup;
			children = (
				0BDC223E1940B4CD004E8F9A /* Info.plist */,
				0B2A7B05194F799A00BB952D /* WhereToTalk-Bridging-Header.h */,
			);
			name = "Supporting Files";
			sourceTree = "<group>";
		};
		0BDC224F1940B4CD004E8F9A /* WhereToTalkTests */ = {
			isa = PBXGroup;
			children = (
				0BDC22521940B4CD004E8F9A /* WhereToTalkTests.swift */,
				0BDC22501940B4CD004E8F9A /* Supporting Files */,
			);
			path = WhereToTalkTests;
			sourceTree = "<group>";
		};
		0BDC22501940B4CD004E8F9A /* Supporting Files */ = {
			isa = PBXGroup;
			children = (
				0BDC22511940B4CD004E8F9A /* Info.plist */,
			);
			name = "Supporting Files";
			sourceTree = "<group>";
		};
		40CB24FE524F4DB691D3E804 /* Frameworks */ = {
			isa = PBXGroup;
			children = (
				6167B18DB1924DB690449B32 /* libPods.a */,
			);
			name = Frameworks;
			sourceTree = "<group>";
		};
/* End PBXGroup section */

/* Begin PBXNativeTarget section */
		0BDC22391940B4CC004E8F9A /* WhereToTalk */ = {
			isa = PBXNativeTarget;
			buildConfigurationList = 0BDC22561940B4CD004E8F9A /* Build configuration list for PBXNativeTarget "WhereToTalk" */;
			buildPhases = (
				3E92C65F44AF47C29BBBB084 /* Check Pods Manifest.lock */,
				0BDC22361940B4CC004E8F9A /* Sources */,
				0BDC22371940B4CC004E8F9A /* Frameworks */,
				0BDC22381940B4CC004E8F9A /* Resources */,
				71CC0EC555784297AF2740FF /* Copy Pods Resources */,
			);
			buildRules = (
			);
			dependencies = (
			);
			name = WhereToTalk;
			productName = WhereToTalk;
			productReference = 0BDC223A1940B4CD004E8F9A /* WhereToTalk.app */;
			productType = "com.apple.product-type.application";
		};
		0BDC224B1940B4CD004E8F9A /* WhereToTalkTests */ = {
			isa = PBXNativeTarget;
			buildConfigurationList = 0BDC22591940B4CD004E8F9A /* Build configuration list for PBXNativeTarget "WhereToTalkTests" */;
			buildPhases = (
				0BDC22481940B4CD004E8F9A /* Sources */,
				0BDC22491940B4CD004E8F9A /* Frameworks */,
				0BDC224A1940B4CD004E8F9A /* Resources */,
			);
			buildRules = (
			);
			dependencies = (
				0BDC224E1940B4CD004E8F9A /* PBXTargetDependency */,
			);
			name = WhereToTalkTests;
			productName = WhereToTalkTests;
			productReference = 0BDC224C1940B4CD004E8F9A /* WhereToTalkTests.xctest */;
			productType = "com.apple.product-type.bundle.unit-test";
		};
/* End PBXNativeTarget section */

/* Begin PBXProject section */
		0BDC22321940B4CC004E8F9A /* Project object */ = {
			isa = PBXProject;
			attributes = {
				LastUpgradeCheck = 0600;
				ORGANIZATIONNAME = M.Shanken;
				TargetAttributes = {
					0BDC22391940B4CC004E8F9A = {
						CreatedOnToolsVersion = 6.0;
					};
					0BDC224B1940B4CD004E8F9A = {
						CreatedOnToolsVersion = 6.0;
						TestTargetID = 0BDC22391940B4CC004E8F9A;
					};
				};
			};
			buildConfigurationList = 0BDC22351940B4CC004E8F9A /* Build configuration list for PBXProject "WhereToTalk" */;
			compatibilityVersion = "Xcode 3.2";
			developmentRegion = English;
			hasScannedForEncodings = 0;
			knownRegions = (
				en,
				Base,
			);
			mainGroup = 0BDC22311940B4CC004E8F9A;
			productRefGroup = 0BDC223B1940B4CD004E8F9A /* Products */;
			projectDirPath = "";
			projectRoot = "";
			targets = (
				0BDC22391940B4CC004E8F9A /* WhereToTalk */,
				0BDC224B1940B4CD004E8F9A /* WhereToTalkTests */,
			);
		};
/* End PBXProject section */

/* Begin PBXResourcesBuildPhase section */
		0BDC22381940B4CC004E8F9A /* Resources */ = {
			isa = PBXResourcesBuildPhase;
			buildActionMask = 2147483647;
			files = (
				0BDC22451940B4CD004E8F9A /* Main.storyboard in Resources */,
				0BDC22471940B4CD004E8F9A /* Images.xcassets in Resources */,
			);
			runOnlyForDeploymentPostprocessing = 0;
		};
		0BDC224A1940B4CD004E8F9A /* Resources */ = {
			isa = PBXResourcesBuildPhase;
			buildActionMask = 2147483647;
			files = (
			);
			runOnlyForDeploymentPostprocessing = 0;
		};
/* End PBXResourcesBuildPhase section */

/* Begin PBXShellScriptBuildPhase section */
		3E92C65F44AF47C29BBBB084 /* Check Pods Manifest.lock */ = {
			isa = PBXShellScriptBuildPhase;
			buildActionMask = 2147483647;
			files = (
			);
			inputPaths = (
			);
			name = "Check Pods Manifest.lock";
			outputPaths = (
			);
			runOnlyForDeploymentPostprocessing = 0;
			shellPath = /bin/sh;
			shellScript = "diff \"${PODS_ROOT}/../Podfile.lock\" \"${PODS_ROOT}/Manifest.lock\" > /dev/null\nif [[ $? != 0 ]] ; then\n    cat << EOM\nerror: The sandbox is not in sync with the Podfile.lock. Run 'pod install' or update your CocoaPods installation.\nEOM\n    exit 1\nfi\n";
			showEnvVarsInLog = 0;
		};
		71CC0EC555784297AF2740FF /* Copy Pods Resources */ = {
			isa = PBXShellScriptBuildPhase;
			buildActionMask = 2147483647;
			files = (
			);
			inputPaths = (
			);
			name = "Copy Pods Resources";
			outputPaths = (
			);
			runOnlyForDeploymentPostprocessing = 0;
			shellPath = /bin/sh;
			shellScript = "\"${SRCROOT}/Pods/Pods-resources.sh\"\n";
			showEnvVarsInLog = 0;
		};
/* End PBXShellScriptBuildPhase section */

/* Begin PBXSourcesBuildPhase section */
		0BDC22361940B4CC004E8F9A /* Sources */ = {
			isa = PBXSourcesBuildPhase;
			buildActionMask = 2147483647;
			files = (
				0B0D41B019464EDD002CF453 /* WTTDetailViewController.swift in Sources */,
				0BDC22421940B4CD004E8F9A /* ViewController.swift in Sources */,
				0BDC22401940B4CD004E8F9A /* AppDelegate.swift in Sources */,
			);
			runOnlyForDeploymentPostprocessing = 0;
		};
		0BDC22481940B4CD004E8F9A /* Sources */ = {
			isa = PBXSourcesBuildPhase;
			buildActionMask = 2147483647;
			files = (
				0BDC22531940B4CD004E8F9A /* WhereToTalkTests.swift in Sources */,
			);
			runOnlyForDeploymentPostprocessing = 0;
		};
/* End PBXSourcesBuildPhase section */

/* Begin PBXTargetDependency section */
		0BDC224E1940B4CD004E8F9A /* PBXTargetDependency */ = {
			isa = PBXTargetDependency;
			target = 0BDC22391940B4CC004E8F9A /* WhereToTalk */;
			targetProxy = 0BDC224D1940B4CD004E8F9A /* PBXContainerItemProxy */;
		};
/* End PBXTargetDependency section */

/* Begin PBXVariantGroup section */
		0BDC22431940B4CD004E8F9A /* Main.storyboard */ = {
			isa = PBXVariantGroup;
			children = (
				0BDC22441940B4CD004E8F9A /* Base */,
			);
			name = Main.storyboard;
			sourceTree = "<group>";
		};
/* End PBXVariantGroup section */

/* Begin XCBuildConfiguration section */
		0BDC22541940B4CD004E8F9A /* Debug */ = {
			isa = XCBuildConfiguration;
			buildSettings = {
				ALWAYS_SEARCH_USER_PATHS = NO;
				CLANG_CXX_LANGUAGE_STANDARD = "gnu++0x";
				CLANG_CXX_LIBRARY = "libc++";
				CLANG_ENABLE_MODULES = YES;
				CLANG_ENABLE_OBJC_ARC = YES;
				CLANG_WARN_BOOL_CONVERSION = YES;
				CLANG_WARN_CONSTANT_CONVERSION = YES;
				CLANG_WARN_DIRECT_OBJC_ISA_USAGE = YES_ERROR;
				CLANG_WARN_EMPTY_BODY = YES;
				CLANG_WARN_ENUM_CONVERSION = YES;
				CLANG_WARN_INT_CONVERSION = YES;
				CLANG_WARN_OBJC_ROOT_CLASS = YES_ERROR;
				CLANG_WARN_UNREACHABLE_CODE = YES;
				CLANG_WARN__DUPLICATE_METHOD_MATCH = YES;
				"CODE_SIGN_IDENTITY[sdk=iphoneos*]" = "iPhone Developer";
				COPY_PHASE_STRIP = NO;
				ENABLE_STRICT_OBJC_MSGSEND = YES;
				GCC_C_LANGUAGE_STANDARD = gnu99;
				GCC_DYNAMIC_NO_PIC = NO;
				GCC_OPTIMIZATION_LEVEL = 0;
				GCC_PREPROCESSOR_DEFINITIONS = (
					"DEBUG=1",
					"$(inherited)",
				);
				GCC_SYMBOLS_PRIVATE_EXTERN = NO;
				GCC_WARN_64_TO_32_BIT_CONVERSION = YES;
				GCC_WARN_ABOUT_RETURN_TYPE = YES_ERROR;
				GCC_WARN_UNDECLARED_SELECTOR = YES;
				GCC_WARN_UNINITIALIZED_AUTOS = YES_AGGRESSIVE;
				GCC_WARN_UNUSED_FUNCTION = YES;
				GCC_WARN_UNUSED_VARIABLE = YES;
				IPHONEOS_DEPLOYMENT_TARGET = 8.0;
				METAL_ENABLE_DEBUG_INFO = YES;
				ONLY_ACTIVE_ARCH = YES;
				SDKROOT = iphoneos;
				SWIFT_OPTIMIZATION_LEVEL = "-Onone";
			};
			name = Debug;
		};
		0BDC22551940B4CD004E8F9A /* Release */ = {
			isa = XCBuildConfiguration;
			buildSettings = {
				ALWAYS_SEARCH_USER_PATHS = NO;
				CLANG_CXX_LANGUAGE_STANDARD = "gnu++0x";
				CLANG_CXX_LIBRARY = "libc++";
				CLANG_ENABLE_MODULES = YES;
				CLANG_ENABLE_OBJC_ARC = YES;
				CLANG_WARN_BOOL_CONVERSION = YES;
				CLANG_WARN_CONSTANT_CONVERSION = YES;
				CLANG_WARN_DIRECT_OBJC_ISA_USAGE = YES_ERROR;
				CLANG_WARN_EMPTY_BODY = YES;
				CLANG_WARN_ENUM_CONVERSION = YES;
				CLANG_WARN_INT_CONVERSION = YES;
				CLANG_WARN_OBJC_ROOT_CLASS = YES_ERROR;
				CLANG_WARN_UNREACHABLE_CODE = YES;
				CLANG_WARN__DUPLICATE_METHOD_MATCH = YES;
				"CODE_SIGN_IDENTITY[sdk=iphoneos*]" = "iPhone Developer";
				COPY_PHASE_STRIP = YES;
				ENABLE_NS_ASSERTIONS = NO;
				ENABLE_STRICT_OBJC_MSGSEND = YES;
				GCC_C_LANGUAGE_STANDARD = gnu99;
				GCC_WARN_64_TO_32_BIT_CONVERSION = YES;
				GCC_WARN_ABOUT_RETURN_TYPE = YES_ERROR;
				GCC_WARN_UNDECLARED_SELECTOR = YES;
				GCC_WARN_UNINITIALIZED_AUTOS = YES_AGGRESSIVE;
				GCC_WARN_UNUSED_FUNCTION = YES;
				GCC_WARN_UNUSED_VARIABLE = YES;
				IPHONEOS_DEPLOYMENT_TARGET = 8.0;
				METAL_ENABLE_DEBUG_INFO = NO;
				SDKROOT = iphoneos;
				VALIDATE_PRODUCT = YES;
			};
			name = Release;
		};
		0BDC22571940B4CD004E8F9A /* Debug */ = {
			isa = XCBuildConfiguration;
			baseConfigurationReference = 7A7E26B52A6948D28C8EBA84 /* Pods.xcconfig */;
			buildSettings = {
				ASSETCATALOG_COMPILER_APPICON_NAME = AppIcon;
				ASSETCATALOG_COMPILER_LAUNCHIMAGE_NAME = LaunchImage;
				INFOPLIST_FILE = WhereToTalk/Info.plist;
				LD_RUNPATH_SEARCH_PATHS = "$(inherited) @executable_path/Frameworks";
				PRODUCT_NAME = "$(TARGET_NAME)";
				SWIFT_OBJC_BRIDGING_HEADER = "WhereToTalk/WhereToTalk-Bridging-Header.h";
			};
			name = Debug;
		};
		0BDC22581940B4CD004E8F9A /* Release */ = {
			isa = XCBuildConfiguration;
			baseConfigurationReference = 7A7E26B52A6948D28C8EBA84 /* Pods.xcconfig */;
			buildSettings = {
				ASSETCATALOG_COMPILER_APPICON_NAME = AppIcon;
				ASSETCATALOG_COMPILER_LAUNCHIMAGE_NAME = LaunchImage;
				INFOPLIST_FILE = WhereToTalk/Info.plist;
				LD_RUNPATH_SEARCH_PATHS = "$(inherited) @executable_path/Frameworks";
				PRODUCT_NAME = "$(TARGET_NAME)";
				SWIFT_OBJC_BRIDGING_HEADER = "WhereToTalk/WhereToTalk-Bridging-Header.h";
			};
			name = Release;
		};
		0BDC225A1940B4CD004E8F9A /* Debug */ = {
			isa = XCBuildConfiguration;
			buildSettings = {
				BUNDLE_LOADER = "$(BUILT_PRODUCTS_DIR)/WhereToTalk.app/WhereToTalk";
				FRAMEWORK_SEARCH_PATHS = (
					"$(SDKROOT)/Developer/Library/Frameworks",
					"$(inherited)",
				);
				GCC_PREPROCESSOR_DEFINITIONS = (
					"DEBUG=1",
					"$(inherited)",
				);
				INFOPLIST_FILE = WhereToTalkTests/Info.plist;
				LD_RUNPATH_SEARCH_PATHS = "$(inherited) @executable_path/Frameworks @loader_path/Frameworks";
				METAL_ENABLE_DEBUG_INFO = YES;
				PRODUCT_NAME = "$(TARGET_NAME)";
				TEST_HOST = "$(BUNDLE_LOADER)";
			};
			name = Debug;
		};
		0BDC225B1940B4CD004E8F9A /* Release */ = {
			isa = XCBuildConfiguration;
			buildSettings = {
				BUNDLE_LOADER = "$(BUILT_PRODUCTS_DIR)/WhereToTalk.app/WhereToTalk";
				FRAMEWORK_SEARCH_PATHS = (
					"$(SDKROOT)/Developer/Library/Frameworks",
					"$(inherited)",
				);
				INFOPLIST_FILE = WhereToTalkTests/Info.plist;
				LD_RUNPATH_SEARCH_PATHS = "$(inherited) @executable_path/Frameworks @loader_path/Frameworks";
				METAL_ENABLE_DEBUG_INFO = NO;
				PRODUCT_NAME = "$(TARGET_NAME)";
				TEST_HOST = "$(BUNDLE_LOADER)";
			};
			name = Release;
		};
/* End XCBuildConfiguration section */

/* Begin XCConfigurationList section */
		0BDC22351940B4CC004E8F9A /* Build configuration list for PBXProject "WhereToTalk" */ = {
			isa = XCConfigurationList;
			buildConfigurations = (
				0BDC22541940B4CD004E8F9A /* Debug */,
				0BDC22551940B4CD004E8F9A /* Release */,
			);
			defaultConfigurationIsVisible = 0;
			defaultConfigurationName = Release;
		};
		0BDC22561940B4CD004E8F9A /* Build configuration list for PBXNativeTarget "WhereToTalk" */ = {
			isa = XCConfigurationList;
			buildConfigurations = (
				0BDC22571940B4CD004E8F9A /* Debug */,
				0BDC22581940B4CD004E8F9A /* Release */,
			);
			defaultConfigurationIsVisible = 0;
			defaultConfigurationName = Release;
		};
		0BDC22591940B4CD004E8F9A /* Build configuration list for PBXNativeTarget "WhereToTalkTests" */ = {
			isa = XCConfigurationList;
			buildConfigurations = (
				0BDC225A1940B4CD004E8F9A /* Debug */,
				0BDC225B1940B4CD004E8F9A /* Release */,
			);
			defaultConfigurationIsVisible = 0;
			defaultConfigurationName = Release;
		};
/* End XCConfigurationList section */
	};
	rootObject = 0BDC22321940B4CC004E8F9A /* Project object */;
}
